
Microsoft Visual Studio Solution File, Format Version 12.00
# Visual Studio Version 17
VisualStudioVersion = 17.11.35327.3
MinimumVisualStudioVersion = 10.0.40219.1
Project("{9A19103F-16F7-4668-BE54-9A1E7A4F7556}") = "Api", "Api\Api.csproj", "{6A54E368-BDB1-4E20-A1AB-5FB40EC2F4E0}"
EndProject
Project("{E53339B2-1760-4266-BCC7-CA923CBCF16C}") = "docker-compose", "docker-compose.dcproj", "{5C92E83D-8134-411B-8553-AD8AFFBD5752}"
EndProject
Global
	GlobalSection(SolutionConfigurationPlatforms) = preSolution
		Debug|Any CPU = Debug|Any CPU
		Release|Any CPU = Release|Any CPU
	EndGlobalSection
	GlobalSection(ProjectConfigurationPlatforms) = postSolution
		{6A54E368-BDB1-4E20-A1AB-5FB40EC2F4E0}.Debug|Any CPU.ActiveCfg = Debug|Any CPU
		{6A54E368-BDB1-4E20-A1AB-5FB40EC2F4E0}.Debug|Any CPU.Build.0 = Debug|Any CPU
		{6A54E368-BDB1-4E20-A1AB-5FB40EC2F4E0}.Release|Any CPU.ActiveCfg = Release|Any CPU
		{6A54E368-BDB1-4E20-A1AB-5FB40EC2F4E0}.Release|Any CPU.Build.0 = Release|Any CPU
		{5C92E83D-8134-411B-8553-AD8AFFBD5752}.Debug|Any CPU.ActiveCfg = Debug|Any CPU
		{5C92E83D-8134-411B-8553-AD8AFFBD5752}.Debug|Any CPU.Build.0 = Debug|Any CPU
		{5C92E83D-8134-411B-8553-AD8AFFBD5752}.Release|Any CPU.ActiveCfg = Release|Any CPU
		{5C92E83D-8134-411B-8553-AD8AFFBD5752}.Release|Any CPU.Build.0 = Release|Any CPU
	EndGlobalSection
	GlobalSection(SolutionProperties) = preSolution
		HideSolutionNode = FALSE
	EndGlobalSection
	GlobalSection(ExtensibilityGlobals) = postSolution
		SolutionGuid = {C12765D7-2BFB-49A3-8F43-3B0B26B8460C}
	EndGlobalSection
EndGlobal
